
Microsoft Visual Studio Solution File, Format Version 12.00
# Visual Studio Version 17
VisualStudioVersion = 17.4.33213.308
MinimumVisualStudioVersion = 10.0.40219.1
Project("{9A19103F-16F7-4668-BE54-9A1E7A4F7556}") = "M1S03", "M1S03.csproj", "{CC5E81BD-70EF-4523-ABD2-C41145DE4601}"
EndProject
Global
	GlobalSection(SolutionConfigurationPlatforms) = preSolution
		Debug|Any CPU = Debug|Any CPU
		Release|Any CPU = Release|Any CPU
	EndGlobalSection
	GlobalSection(ProjectConfigurationPlatforms) = postSolution
		{CC5E81BD-70EF-4523-ABD2-C41145DE4601}.Debug|Any CPU.ActiveCfg = Debug|Any CPU
		{CC5E81BD-70EF-4523-ABD2-C41145DE4601}.Debug|Any CPU.Build.0 = Debug|Any CPU
		{CC5E81BD-70EF-4523-ABD2-C41145DE4601}.Release|Any CPU.ActiveCfg = Release|Any CPU
		{CC5E81BD-70EF-4523-ABD2-C41145DE4601}.Release|Any CPU.Build.0 = Release|Any CPU
	EndGlobalSection
	GlobalSection(SolutionProperties) = preSolution
		HideSolutionNode = FALSE
	EndGlobalSection
	GlobalSection(ExtensibilityGlobals) = postSolution
		SolutionGuid = {61CF4FE8-E52E-4C02-B2BD-CC027F292155}
	EndGlobalSection
EndGlobal
