
Microsoft Visual Studio Solution File, Format Version 12.00
# Visual Studio Version 17
VisualStudioVersion = 17.4.33213.308
MinimumVisualStudioVersion = 10.0.40219.1
Project("{FAE04EC0-301F-11D3-BF4B-00C04F79EFBC}") = "Organizador de lista de frutas", "Organizador de lista de frutas\Organizador de lista de frutas.csproj", "{35CAA58A-8242-4FF6-8ADB-D155130D54FF}"
EndProject
Global
	GlobalSection(SolutionConfigurationPlatforms) = preSolution
		Debug|Any CPU = Debug|Any CPU
		Release|Any CPU = Release|Any CPU
	EndGlobalSection
	GlobalSection(ProjectConfigurationPlatforms) = postSolution
		{35CAA58A-8242-4FF6-8ADB-D155130D54FF}.Debug|Any CPU.ActiveCfg = Debug|Any CPU
		{35CAA58A-8242-4FF6-8ADB-D155130D54FF}.Debug|Any CPU.Build.0 = Debug|Any CPU
		{35CAA58A-8242-4FF6-8ADB-D155130D54FF}.Release|Any CPU.ActiveCfg = Release|Any CPU
		{35CAA58A-8242-4FF6-8ADB-D155130D54FF}.Release|Any CPU.Build.0 = Release|Any CPU
	EndGlobalSection
	GlobalSection(SolutionProperties) = preSolution
		HideSolutionNode = FALSE
	EndGlobalSection
	GlobalSection(ExtensibilityGlobals) = postSolution
		SolutionGuid = {44488706-0E20-4E36-95D3-8665FA3FC24A}
	EndGlobalSection
EndGlobal
