
Microsoft Visual Studio Solution File, Format Version 12.00
# Visual Studio Version 17
VisualStudioVersion = 17.4.33213.308
MinimumVisualStudioVersion = 10.0.40219.1
Project("{FAE04EC0-301F-11D3-BF4B-00C04F79EFBC}") = "School", "School\School.csproj", "{30BF3A12-758B-4CC0-B355-42FF5E7C91B3}"
EndProject
Global
	GlobalSection(SolutionConfigurationPlatforms) = preSolution
		Debug|Any CPU = Debug|Any CPU
		Release|Any CPU = Release|Any CPU
	EndGlobalSection
	GlobalSection(ProjectConfigurationPlatforms) = postSolution
		{30BF3A12-758B-4CC0-B355-42FF5E7C91B3}.Debug|Any CPU.ActiveCfg = Debug|Any CPU
		{30BF3A12-758B-4CC0-B355-42FF5E7C91B3}.Debug|Any CPU.Build.0 = Debug|Any CPU
		{30BF3A12-758B-4CC0-B355-42FF5E7C91B3}.Release|Any CPU.ActiveCfg = Release|Any CPU
		{30BF3A12-758B-4CC0-B355-42FF5E7C91B3}.Release|Any CPU.Build.0 = Release|Any CPU
	EndGlobalSection
	GlobalSection(SolutionProperties) = preSolution
		HideSolutionNode = FALSE
	EndGlobalSection
	GlobalSection(ExtensibilityGlobals) = postSolution
		SolutionGuid = {37334047-F98D-41CC-A2B6-4D34B68953D1}
	EndGlobalSection
EndGlobal
